
Microsoft Visual Studio Solution File, Format Version 12.00
# Visual Studio Version 16
VisualStudioVersion = 16.0.31005.135
MinimumVisualStudioVersion = 10.0.40219.1
Project("{9A19103F-16F7-4668-BE54-9A1E7A4F7556}") = "RazorPagesProject.Tests", "RazorPagesProject.Tests.csproj", "{341E3E8E-D5F7-417C-BAE7-47DB83BA962F}"
EndProject
Project("{9A19103F-16F7-4668-BE54-9A1E7A4F7556}") = "RazorPagesProject", "..\..\src\RazorPagesProject\RazorPagesProject.csproj", "{993B76A3-A97C-4FBB-B265-1065B4ED86C7}"
EndProject
Global
	GlobalSection(SolutionConfigurationPlatforms) = preSolution
		Debug|Any CPU = Debug|Any CPU
		Release|Any CPU = Release|Any CPU
	EndGlobalSection
	GlobalSection(ProjectConfigurationPlatforms) = postSolution
		{341E3E8E-D5F7-417C-BAE7-47DB83BA962F}.Debug|Any CPU.ActiveCfg = Debug|Any CPU
		{341E3E8E-D5F7-417C-BAE7-47DB83BA962F}.Debug|Any CPU.Build.0 = Debug|Any CPU
		{341E3E8E-D5F7-417C-BAE7-47DB83BA962F}.Release|Any CPU.ActiveCfg = Release|Any CPU
		{341E3E8E-D5F7-417C-BAE7-47DB83BA962F}.Release|Any CPU.Build.0 = Release|Any CPU
		{993B76A3-A97C-4FBB-B265-1065B4ED86C7}.Debug|Any CPU.ActiveCfg = Debug|Any CPU
		{993B76A3-A97C-4FBB-B265-1065B4ED86C7}.Debug|Any CPU.Build.0 = Debug|Any CPU
		{993B76A3-A97C-4FBB-B265-1065B4ED86C7}.Release|Any CPU.ActiveCfg = Release|Any CPU
		{993B76A3-A97C-4FBB-B265-1065B4ED86C7}.Release|Any CPU.Build.0 = Release|Any CPU
	EndGlobalSection
	GlobalSection(SolutionProperties) = preSolution
		HideSolutionNode = FALSE
	EndGlobalSection
	GlobalSection(ExtensibilityGlobals) = postSolution
		SolutionGuid = {2CDC8442-6BAA-4BFE-8206-28F9CDCAC6A3}
	EndGlobalSection
EndGlobal
